
Microsoft Visual Studio Solution File, Format Version 12.00
# Visual Studio Version 17
VisualStudioVersion = 17.7.34009.444
MinimumVisualStudioVersion = 10.0.40219.1
Project("{FAE04EC0-301F-11D3-BF4B-00C04F79EFBC}") = "Grafika", "Grafika\Grafika.csproj", "{878C4C97-8FC9-43EB-839C-1755BD30F594}"
EndProject
Global
	GlobalSection(SolutionConfigurationPlatforms) = preSolution
		Debug|Any CPU = Debug|Any CPU
		Release|Any CPU = Release|Any CPU
	EndGlobalSection
	GlobalSection(ProjectConfigurationPlatforms) = postSolution
		{878C4C97-8FC9-43EB-839C-1755BD30F594}.Debug|Any CPU.ActiveCfg = Debug|Any CPU
		{878C4C97-8FC9-43EB-839C-1755BD30F594}.Debug|Any CPU.Build.0 = Debug|Any CPU
		{878C4C97-8FC9-43EB-839C-1755BD30F594}.Release|Any CPU.ActiveCfg = Release|Any CPU
		{878C4C97-8FC9-43EB-839C-1755BD30F594}.Release|Any CPU.Build.0 = Release|Any CPU
	EndGlobalSection
	GlobalSection(SolutionProperties) = preSolution
		HideSolutionNode = FALSE
	EndGlobalSection
	GlobalSection(ExtensibilityGlobals) = postSolution
		SolutionGuid = {FAC8927A-D886-41D1-BB0A-B98685932510}
	EndGlobalSection
EndGlobal
